// !$*UTF8*$!
{
	archiveVersion = 1;
	classes = {
	};
	objectVersion = 77;
	objects = {

/* Begin PBXBuildFile section */
		1EAF9D41ECC930C0C2EEE267 /* MyBandWidgets.appex in Embed Foundation Extensions */ = {isa = PBXBuildFile; fileRef = CDA04FE2ED203E51F234BC87 /* MyBandWidgets.appex */; settings = {ATTRIBUTES = (RemoveHeadersOnCopy, ); }; };
		9371A6672FE501BE00C68E69 /* SwiftProtobuf in Frameworks */ = {isa = PBXBuildFile; productRef = BB0A1B2C3D4E5F001122AACC /* SwiftProtobuf */; };
/* End PBXBuildFile section */

/* Begin PBXContainerItemProxy section */
		AB00000000000000000000AB /* PBXContainerItemProxy */ = {
			isa = PBXContainerItemProxy;
			containerPortal = 93200F1C2FD62F9A00E8DC0C /* Project object */;
			proxyType = 1;
			remoteGlobalIDString = 93200F232FD62F9A00E8DC0C;
			remoteInfo = "My Band";
		};
		B259B1B142F4F6179F32685C /* PBXContainerItemProxy */ = {
			isa = PBXContainerItemProxy;
			containerPortal = 93200F1C2FD62F9A00E8DC0C /* Project object */;
			proxyType = 1;
			remoteGlobalIDString = BFFE0FA12C8542A39174F6E7;
			remoteInfo = MyBandWidgets;
		};
/* End PBXContainerItemProxy section */

/* Begin PBXCopyFilesBuildPhase section */
		01C0F53D472EB8C511C23BCF /* Embed Foundation Extensions */ = {
			isa = PBXCopyFilesBuildPhase;
			buildActionMask = 2147483647;
			dstPath = "";
			dstSubfolderSpec = 13;
			files = (
				1EAF9D41ECC930C0C2EEE267 /* MyBandWidgets.appex in Embed Foundation Extensions */,
			);
			name = "Embed Foundation Extensions";
			runOnlyForDeploymentPostprocessing = 0;
		};
/* End PBXCopyFilesBuildPhase section */

/* Begin PBXFileReference section */
		93200F242FD62F9A00E8DC0C /* My Band.app */ = {isa = PBXFileReference; explicitFileType = wrapper.application; includeInIndex = 0; path = "My Band.app"; sourceTree = BUILT_PRODUCTS_DIR; };
		AB00000000000000000000A8 /* My BandTests.xctest */ = {isa = PBXFileReference; explicitFileType = wrapper.cfbundle; includeInIndex = 0; path = "My BandTests.xctest"; sourceTree = BUILT_PRODUCTS_DIR; };
		CDA04FE2ED203E51F234BC87 /* MyBandWidgets.appex */ = {isa = PBXFileReference; explicitFileType = "wrapper.app-extension"; includeInIndex = 0; path = MyBandWidgets.appex; sourceTree = BUILT_PRODUCTS_DIR; };
/* End PBXFileReference section */

/* Begin PBXFileSystemSynchronizedRootGroup section */
		75F04F524D77B7B08F329C18 /* Shared */ = {
			isa = PBXFileSystemSynchronizedRootGroup;
			exceptions = (
			);
			path = Shared;
			sourceTree = "<group>";
		};
		7E4E5ACA16AB3A2D1A996DEA /* MyBandWidgets */ = {
			isa = PBXFileSystemSynchronizedRootGroup;
			exceptions = (
			);
			path = MyBandWidgets;
			sourceTree = "<group>";
		};
		93200F262FD62F9A00E8DC0C /* My Band */ = {
			isa = PBXFileSystemSynchronizedRootGroup;
			exceptions = (
			);
			path = "My Band";
			sourceTree = "<group>";
		};
		AB00000000000000000000A9 /* My BandTests */ = {
			isa = PBXFileSystemSynchronizedRootGroup;
			exceptions = (
			);
			path = "My BandTests";
			sourceTree = "<group>";
		};
/* End PBXFileSystemSynchronizedRootGroup section */

/* Begin PBXFrameworksBuildPhase section */
		93200F212FD62F9A00E8DC0C /* Frameworks */ = {
			isa = PBXFrameworksBuildPhase;
			buildActionMask = 2147483647;
			files = (
				9371A6672FE501BE00C68E69 /* SwiftProtobuf in Frameworks */,
			);
			runOnlyForDeploymentPostprocessing = 0;
		};
		AB00000000000000000000A6 /* Frameworks */ = {
			isa = PBXFrameworksBuildPhase;
			buildActionMask = 2147483647;
			files = (
			);
			runOnlyForDeploymentPostprocessing = 0;
		};
		D21E1CE87B56EBF0B1013BFA /* Frameworks */ = {
			isa = PBXFrameworksBuildPhase;
			buildActionMask = 2147483647;
			files = (
			);
			runOnlyForDeploymentPostprocessing = 0;
		};
/* End PBXFrameworksBuildPhase section */

/* Begin PBXGroup section */
		93200F1B2FD62F9A00E8DC0C = {
			isa = PBXGroup;
			children = (
				93200F262FD62F9A00E8DC0C /* My Band */,
				AB00000000000000000000A9 /* My BandTests */,
				7E4E5ACA16AB3A2D1A996DEA /* MyBandWidgets */,
				75F04F524D77B7B08F329C18 /* Shared */,
				93200F252FD62F9A00E8DC0C /* Products */,
			);
			sourceTree = "<group>";
		};
		93200F252FD62F9A00E8DC0C /* Products */ = {
			isa = PBXGroup;
			children = (
				93200F242FD62F9A00E8DC0C /* My Band.app */,
				AB00000000000000000000A8 /* My BandTests.xctest */,
				CDA04FE2ED203E51F234BC87 /* MyBandWidgets.appex */,
			);
			name = Products;
			sourceTree = "<group>";
		};
/* End PBXGroup section */

/* Begin PBXNativeTarget section */
		93200F232FD62F9A00E8DC0C /* My Band */ = {
			isa = PBXNativeTarget;
			buildConfigurationList = 93200F312FD62F9C00E8DC0C /* Build configuration list for PBXNativeTarget "My Band" */;
			buildPhases = (
				93200F202FD62F9A00E8DC0C /* Sources */,
				93200F212FD62F9A00E8DC0C /* Frameworks */,
				93200F222FD62F9A00E8DC0C /* Resources */,
				01C0F53D472EB8C511C23BCF /* Embed Foundation Extensions */,
			);
			buildRules = (
			);
			dependencies = (
				9EE2303D1037CF35B5A983BD /* PBXTargetDependency */,
			);
			fileSystemSynchronizedGroups = (
				93200F262FD62F9A00E8DC0C /* My Band */,
				75F04F524D77B7B08F329C18 /* Shared */,
			);
			name = "My Band";
			packageProductDependencies = (
				BB0A1B2C3D4E5F001122AACC /* SwiftProtobuf */,
			);
			productName = "My Band";
			productReference = 93200F242FD62F9A00E8DC0C /* My Band.app */;
			productType = "com.apple.product-type.application";
		};
		AB00000000000000000000A1 /* My BandTests */ = {
			isa = PBXNativeTarget;
			buildConfigurationList = AB00000000000000000000A2 /* Build configuration list for PBXNativeTarget "My BandTests" */;
			buildPhases = (
				AB00000000000000000000A5 /* Sources */,
				AB00000000000000000000A6 /* Frameworks */,
				AB00000000000000000000A7 /* Resources */,
			);
			buildRules = (
			);
			dependencies = (
				AB00000000000000000000AA /* PBXTargetDependency */,
			);
			fileSystemSynchronizedGroups = (
				AB00000000000000000000A9 /* My BandTests */,
			);
			name = "My BandTests";
			productName = "My BandTests";
			productReference = AB00000000000000000000A8 /* My BandTests.xctest */;
			productType = "com.apple.product-type.bundle.unit-test";
		};
		BFFE0FA12C8542A39174F6E7 /* MyBandWidgets */ = {
			isa = PBXNativeTarget;
			buildConfigurationList = 57EE023BE9691A045E022FC4 /* Build configuration list for PBXNativeTarget "MyBandWidgets" */;
			buildPhases = (
				9F437F47D6C8A65D6C277823 /* Sources */,
				D21E1CE87B56EBF0B1013BFA /* Frameworks */,
				0B3F8646ED02CF9A854AE2EC /* Resources */,
			);
			buildRules = (
			);
			dependencies = (
			);
			fileSystemSynchronizedGroups = (
				7E4E5ACA16AB3A2D1A996DEA /* MyBandWidgets */,
				75F04F524D77B7B08F329C18 /* Shared */,
			);
			name = MyBandWidgets;
			productName = MyBandWidgets;
			productReference = CDA04FE2ED203E51F234BC87 /* MyBandWidgets.appex */;
			productType = "com.apple.product-type.app-extension";
		};
/* End PBXNativeTarget section */

/* Begin PBXProject section */
		93200F1C2FD62F9A00E8DC0C /* Project object */ = {
			isa = PBXProject;
			attributes = {
				BuildIndependentTargetsInParallel = 1;
				LastSwiftUpdateCheck = 2630;
				LastUpgradeCheck = 2700;
				TargetAttributes = {
					93200F232FD62F9A00E8DC0C = {
						CreatedOnToolsVersion = 26.3;
					};
					AB00000000000000000000A1 = {
						CreatedOnToolsVersion = 26.3;
						TestTargetID = 93200F232FD62F9A00E8DC0C;
					};
				};
			};
			buildConfigurationList = 93200F1F2FD62F9A00E8DC0C /* Build configuration list for PBXProject "My Band" */;
			developmentRegion = en;
			hasScannedForEncodings = 0;
			knownRegions = (
				en,
				Base,
			);
			mainGroup = 93200F1B2FD62F9A00E8DC0C;
			minimizedProjectReferenceProxies = 1;
			packageReferences = (
				BB0A1B2C3D4E5F001122AABB /* XCRemoteSwiftPackageReference "swift-protobuf" */,
			);
			preferredProjectObjectVersion = 77;
			productRefGroup = 93200F252FD62F9A00E8DC0C /* Products */;
			projectDirPath = "";
			projectRoot = "";
			targets = (
				93200F232FD62F9A00E8DC0C /* My Band */,
				AB00000000000000000000A1 /* My BandTests */,
				BFFE0FA12C8542A39174F6E7 /* MyBandWidgets */,
			);
		};
/* End PBXProject section */

/* Begin PBXResourcesBuildPhase section */
		0B3F8646ED02CF9A854AE2EC /* Resources */ = {
			isa = PBXResourcesBuildPhase;
			buildActionMask = 2147483647;
			files = (
			);
			runOnlyForDeploymentPostprocessing = 0;
		};
		93200F222FD62F9A00E8DC0C /* Resources */ = {
			isa = PBXResourcesBuildPhase;
			buildActionMask = 2147483647;
			files = (
			);
			runOnlyForDeploymentPostprocessing = 0;
		};
		AB00000000000000000000A7 /* Resources */ = {
			isa = PBXResourcesBuildPhase;
			buildActionMask = 2147483647;
			files = (
			);
			runOnlyForDeploymentPostprocessing = 0;
		};
/* End PBXResourcesBuildPhase section */

/* Begin PBXSourcesBuildPhase section */
		93200F202FD62F9A00E8DC0C /* Sources */ = {
			isa = PBXSourcesBuildPhase;
			buildActionMask = 2147483647;
			files = (
			);
			runOnlyForDeploymentPostprocessing = 0;
		};
		9F437F47D6C8A65D6C277823 /* Sources */ = {
			isa = PBXSourcesBuildPhase;
			buildActionMask = 2147483647;
			files = (
			);
			runOnlyForDeploymentPostprocessing = 0;
		};
		AB00000000000000000000A5 /* Sources */ = {
			isa = PBXSourcesBuildPhase;
			buildActionMask = 2147483647;
			files = (
			);
			runOnlyForDeploymentPostprocessing = 0;
		};
/* End PBXSourcesBuildPhase section */

/* Begin PBXTargetDependency section */
		9EE2303D1037CF35B5A983BD /* PBXTargetDependency */ = {
			isa = PBXTargetDependency;
			name = MyBandWidgets;
			target = BFFE0FA12C8542A39174F6E7 /* MyBandWidgets */;
			targetProxy = B259B1B142F4F6179F32685C /* PBXContainerItemProxy */;
		};
		AB00000000000000000000AA /* PBXTargetDependency */ = {
			isa = PBXTargetDependency;
			target = 93200F232FD62F9A00E8DC0C /* My Band */;
			targetProxy = AB00000000000000000000AB /* PBXContainerItemProxy */;
		};
/* End PBXTargetDependency section */

/* Begin XCBuildConfiguration section */
		2BAFE47F0A0AF581AEC2CCAE /* Release */ = {
			isa = XCBuildConfiguration;
			buildSettings = {
				CLANG_ENABLE_OBJC_WEAK = NO;
				CODE_SIGN_STYLE = Automatic;
				CURRENT_PROJECT_VERSION = 1;
				DEVELOPMENT_TEAM = KBPR4BGF6U;
				GENERATE_INFOPLIST_FILE = YES;
				INFOPLIST_FILE = "MyBandWidgets-Info.plist";
				INFOPLIST_KEY_CFBundleDisplayName = "My Band";
				IPHONEOS_DEPLOYMENT_TARGET = 26.2;
				LD_RUNPATH_SEARCH_PATHS = (
					"$(inherited)",
					"@executable_path/Frameworks",
					"@executable_path/../../Frameworks",
				);
				MARKETING_VERSION = 1.2;
				PRODUCT_BUNDLE_IDENTIFIER = kkartsel.myband.widgets;
				PRODUCT_NAME = "$(TARGET_NAME)";
				SDKROOT = iphoneos;
				SKIP_INSTALL = YES;
				SWIFT_EMIT_LOC_STRINGS = YES;
				SWIFT_VERSION = 5.0;
				TARGETED_DEVICE_FAMILY = "1,2";
				VALIDATE_PRODUCT = YES;
			};
			name = Release;
		};
		50B5E43C2637839B5CAF1BA3 /* Debug */ = {
			isa = XCBuildConfiguration;
			buildSettings = {
				CLANG_ENABLE_OBJC_WEAK = NO;
				CODE_SIGN_STYLE = Automatic;
				CURRENT_PROJECT_VERSION = 1;
				DEVELOPMENT_TEAM = KBPR4BGF6U;
				GENERATE_INFOPLIST_FILE = YES;
				INFOPLIST_FILE = "MyBandWidgets-Info.plist";
				INFOPLIST_KEY_CFBundleDisplayName = "My Band";
				IPHONEOS_DEPLOYMENT_TARGET = 26.2;
				LD_RUNPATH_SEARCH_PATHS = (
					"$(inherited)",
					"@executable_path/Frameworks",
					"@executable_path/../../Frameworks",
				);
				MARKETING_VERSION = 1.2;
				PRODUCT_BUNDLE_IDENTIFIER = kkartsel.myband.widgets;
				PRODUCT_NAME = "$(TARGET_NAME)";
				SDKROOT = iphoneos;
				SKIP_INSTALL = YES;
				SWIFT_EMIT_LOC_STRINGS = YES;
				SWIFT_VERSION = 5.0;
				TARGETED_DEVICE_FAMILY = "1,2";
			};
			name = Debug;
		};
		93200F2F2FD62F9C00E8DC0C /* Debug */ = {
			isa = XCBuildConfiguration;
			buildSettings = {
				ALWAYS_SEARCH_USER_PATHS = NO;
				ASSETCATALOG_COMPILER_GENERATE_SWIFT_ASSET_SYMBOL_EXTENSIONS = YES;
				ASSETCATALOG_COMPILER_INCLUDE_ALL_APPICON_ASSETS = YES;
				CLANG_ANALYZER_NONNULL = YES;
				CLANG_ANALYZER_NUMBER_OBJECT_CONVERSION = YES_AGGRESSIVE;
				CLANG_CXX_LANGUAGE_STANDARD = "gnu++20";
				CLANG_ENABLE_MODULES = YES;
				CLANG_ENABLE_OBJC_ARC = YES;
				CLANG_ENABLE_OBJC_WEAK = YES;
				CLANG_WARN_BLOCK_CAPTURE_AUTORELEASING = YES;
				CLANG_WARN_BOOL_CONVERSION = YES;
				CLANG_WARN_COMMA = YES;
				CLANG_WARN_CONSTANT_CONVERSION = YES;
				CLANG_WARN_DEPRECATED_OBJC_IMPLEMENTATIONS = YES;
				CLANG_WARN_DIRECT_OBJC_ISA_USAGE = YES_ERROR;
				CLANG_WARN_DOCUMENTATION_COMMENTS = YES;
				CLANG_WARN_EMPTY_BODY = YES;
				CLANG_WARN_ENUM_CONVERSION = YES;
				CLANG_WARN_INFINITE_RECURSION = YES;
				CLANG_WARN_INT_CONVERSION = YES;
				CLANG_WARN_NON_LITERAL_NULL_CONVERSION = YES;
				CLANG_WARN_OBJC_IMPLICIT_RETAIN_SELF = YES;
				CLANG_WARN_OBJC_LITERAL_CONVERSION = YES;
				CLANG_WARN_OBJC_ROOT_CLASS = YES_ERROR;
				CLANG_WARN_QUOTED_INCLUDE_IN_FRAMEWORK_HEADER = YES;
				CLANG_WARN_RANGE_LOOP_ANALYSIS = YES;
				CLANG_WARN_STRICT_PROTOTYPES = YES;
				CLANG_WARN_SUSPICIOUS_MOVE = YES;
				CLANG_WARN_UNGUARDED_AVAILABILITY = YES_AGGRESSIVE;
				CLANG_WARN_UNREACHABLE_CODE = YES;
				CLANG_WARN__DUPLICATE_METHOD_MATCH = YES;
				COPY_PHASE_STRIP = NO;
				DEBUG_INFORMATION_FORMAT = dwarf;
				DEVELOPMENT_TEAM = KBPR4BGF6U;
				ENABLE_STRICT_OBJC_MSGSEND = YES;
				ENABLE_TESTABILITY = YES;
				ENABLE_USER_SCRIPT_SANDBOXING = YES;
				GCC_C_LANGUAGE_STANDARD = gnu17;
				GCC_DYNAMIC_NO_PIC = NO;
				GCC_NO_COMMON_BLOCKS = YES;
				GCC_OPTIMIZATION_LEVEL = 0;
				GCC_PREPROCESSOR_DEFINITIONS = (
					"DEBUG=1",
					"$(inherited)",
				);
				GCC_WARN_64_TO_32_BIT_CONVERSION = YES;
				GCC_WARN_ABOUT_RETURN_TYPE = YES_ERROR;
				GCC_WARN_UNDECLARED_SELECTOR = YES;
				GCC_WARN_UNINITIALIZED_AUTOS = YES_AGGRESSIVE;
				GCC_WARN_UNUSED_FUNCTION = YES;
				GCC_WARN_UNUSED_VARIABLE = YES;
				IPHONEOS_DEPLOYMENT_TARGET = 26.2;
				LOCALIZATION_PREFERS_STRING_CATALOGS = YES;
				MTL_ENABLE_DEBUG_INFO = INCLUDE_SOURCE;
				MTL_FAST_MATH = YES;
				ONLY_ACTIVE_ARCH = YES;
				SDKROOT = iphoneos;
				STRING_CATALOG_GENERATE_SYMBOLS = YES;
				SWIFT_ACTIVE_COMPILATION_CONDITIONS = "DEBUG $(inherited)";
				SWIFT_OPTIMIZATION_LEVEL = "-Onone";
			};
			name = Debug;
		};
		93200F302FD62F9C00E8DC0C /* Release */ = {
			isa = XCBuildConfiguration;
			buildSettings = {
				ALWAYS_SEARCH_USER_PATHS = NO;
				ASSETCATALOG_COMPILER_GENERATE_SWIFT_ASSET_SYMBOL_EXTENSIONS = YES;
				ASSETCATALOG_COMPILER_INCLUDE_ALL_APPICON_ASSETS = YES;
				CLANG_ANALYZER_NONNULL = YES;
				CLANG_ANALYZER_NUMBER_OBJECT_CONVERSION = YES_AGGRESSIVE;
				CLANG_CXX_LANGUAGE_STANDARD = "gnu++20";
				CLANG_ENABLE_MODULES = YES;
				CLANG_ENABLE_OBJC_ARC = YES;
				CLANG_ENABLE_OBJC_WEAK = YES;
				CLANG_WARN_BLOCK_CAPTURE_AUTORELEASING = YES;
				CLANG_WARN_BOOL_CONVERSION = YES;
				CLANG_WARN_COMMA = YES;
				CLANG_WARN_CONSTANT_CONVERSION = YES;
				CLANG_WARN_DEPRECATED_OBJC_IMPLEMENTATIONS = YES;
				CLANG_WARN_DIRECT_OBJC_ISA_USAGE = YES_ERROR;
				CLANG_WARN_DOCUMENTATION_COMMENTS = YES;
				CLANG_WARN_EMPTY_BODY = YES;
				CLANG_WARN_ENUM_CONVERSION = YES;
				CLANG_WARN_INFINITE_RECURSION = YES;
				CLANG_WARN_INT_CONVERSION = YES;
				CLANG_WARN_NON_LITERAL_NULL_CONVERSION = YES;
				CLANG_WARN_OBJC_IMPLICIT_RETAIN_SELF = YES;
				CLANG_WARN_OBJC_LITERAL_CONVERSION = YES;
				CLANG_WARN_OBJC_ROOT_CLASS = YES_ERROR;
				CLANG_WARN_QUOTED_INCLUDE_IN_FRAMEWORK_HEADER = YES;
				CLANG_WARN_RANGE_LOOP_ANALYSIS = YES;
				CLANG_WARN_STRICT_PROTOTYPES = YES;
				CLANG_WARN_SUSPICIOUS_MOVE = YES;
				CLANG_WARN_UNGUARDED_AVAILABILITY = YES_AGGRESSIVE;
				CLANG_WARN_UNREACHABLE_CODE = YES;
				CLANG_WARN__DUPLICATE_METHOD_MATCH = YES;
				COPY_PHASE_STRIP = NO;
				DEBUG_INFORMATION_FORMAT = "dwarf-with-dsym";
				DEVELOPMENT_TEAM = KBPR4BGF6U;
				ENABLE_NS_ASSERTIONS = NO;
				ENABLE_STRICT_OBJC_MSGSEND = YES;
				ENABLE_USER_SCRIPT_SANDBOXING = YES;
				GCC_C_LANGUAGE_STANDARD = gnu17;
				GCC_NO_COMMON_BLOCKS = YES;
				GCC_WARN_64_TO_32_BIT_CONVERSION = YES;
				GCC_WARN_ABOUT_RETURN_TYPE = YES_ERROR;
				GCC_WARN_UNDECLARED_SELECTOR = YES;
				GCC_WARN_UNINITIALIZED_AUTOS = YES_AGGRESSIVE;
				GCC_WARN_UNUSED_FUNCTION = YES;
				GCC_WARN_UNUSED_VARIABLE = YES;
				IPHONEOS_DEPLOYMENT_TARGET = 26.2;
				LOCALIZATION_PREFERS_STRING_CATALOGS = YES;
				MTL_ENABLE_DEBUG_INFO = NO;
				MTL_FAST_MATH = YES;
				SDKROOT = iphoneos;
				STRING_CATALOG_GENERATE_SYMBOLS = YES;
				SWIFT_COMPILATION_MODE = wholemodule;
				VALIDATE_PRODUCT = YES;
			};
			name = Release;
		};
		93200F322FD62F9C00E8DC0C /* Debug */ = {
			isa = XCBuildConfiguration;
			buildSettings = {
				ASSETCATALOG_COMPILER_APPICON_NAME = Icon;
				ASSETCATALOG_COMPILER_GLOBAL_ACCENT_COLOR_NAME = AccentColor;
				ASSETCATALOG_COMPILER_INCLUDE_ALL_APPICON_ASSETS = YES;
				CODE_SIGN_ENTITLEMENTS = "My Band/My Band.entitlements";
				CODE_SIGN_STYLE = Automatic;
				CURRENT_PROJECT_VERSION = 1;
				DEVELOPMENT_TEAM = KBPR4BGF6U;
				ENABLE_PREVIEWS = YES;
				GENERATE_INFOPLIST_FILE = NO;
				INFOPLIST_FILE = Info.plist;
				LD_RUNPATH_SEARCH_PATHS = (
					"$(inherited)",
					"@executable_path/Frameworks",
				);
				MARKETING_VERSION = 1.2;
				PRODUCT_BUNDLE_IDENTIFIER = kkartsel.myband;
				PRODUCT_NAME = "$(TARGET_NAME)";
				STRING_CATALOG_GENERATE_SYMBOLS = YES;
				SWIFT_APPROACHABLE_CONCURRENCY = YES;
				SWIFT_DEFAULT_ACTOR_ISOLATION = MainActor;
				SWIFT_EMIT_LOC_STRINGS = YES;
				SWIFT_UPCOMING_FEATURE_MEMBER_IMPORT_VISIBILITY = YES;
				SWIFT_VERSION = 5.0;
				TARGETED_DEVICE_FAMILY = "1,2";
			};
			name = Debug;
		};
		93200F332FD62F9C00E8DC0C /* Release */ = {
			isa = XCBuildConfiguration;
			buildSettings = {
				ASSETCATALOG_COMPILER_APPICON_NAME = Icon;
				ASSETCATALOG_COMPILER_GLOBAL_ACCENT_COLOR_NAME = AccentColor;
				ASSETCATALOG_COMPILER_INCLUDE_ALL_APPICON_ASSETS = YES;
				CODE_SIGN_ENTITLEMENTS = "My Band/My Band.entitlements";
				CODE_SIGN_STYLE = Automatic;
				CURRENT_PROJECT_VERSION = 1;
				DEVELOPMENT_TEAM = KBPR4BGF6U;
				ENABLE_PREVIEWS = YES;
				GENERATE_INFOPLIST_FILE = NO;
				INFOPLIST_FILE = Info.plist;
				LD_RUNPATH_SEARCH_PATHS = (
					"$(inherited)",
					"@executable_path/Frameworks",
				);
				MARKETING_VERSION = 1.2;
				PRODUCT_BUNDLE_IDENTIFIER = kkartsel.myband;
				PRODUCT_NAME = "$(TARGET_NAME)";
				STRING_CATALOG_GENERATE_SYMBOLS = YES;
				SWIFT_APPROACHABLE_CONCURRENCY = YES;
				SWIFT_DEFAULT_ACTOR_ISOLATION = MainActor;
				SWIFT_EMIT_LOC_STRINGS = YES;
				SWIFT_UPCOMING_FEATURE_MEMBER_IMPORT_VISIBILITY = YES;
				SWIFT_VERSION = 5.0;
				TARGETED_DEVICE_FAMILY = "1,2";
			};
			name = Release;
		};
		AB00000000000000000000A3 /* Debug */ = {
			isa = XCBuildConfiguration;
			buildSettings = {
				BUNDLE_LOADER = "$(TEST_HOST)";
				CODE_SIGN_STYLE = Automatic;
				CURRENT_PROJECT_VERSION = 1;
				DEVELOPMENT_TEAM = KBPR4BGF6U;
				GENERATE_INFOPLIST_FILE = YES;
				IPHONEOS_DEPLOYMENT_TARGET = 26.2;
				MARKETING_VERSION = 1.2;
				PRODUCT_BUNDLE_IDENTIFIER = kkartsel.myband.tests;
				PRODUCT_NAME = "$(TARGET_NAME)";
				SWIFT_APPROACHABLE_CONCURRENCY = YES;
				SWIFT_DEFAULT_ACTOR_ISOLATION = MainActor;
				SWIFT_EMIT_LOC_STRINGS = NO;
				SWIFT_VERSION = 5.0;
				TARGETED_DEVICE_FAMILY = "1,2";
				TEST_HOST = "$(BUILT_PRODUCTS_DIR)/My Band.app/$(BUNDLE_EXECUTABLE_FOLDER_PATH)/My Band";
			};
			name = Debug;
		};
		AB00000000000000000000A4 /* Release */ = {
			isa = XCBuildConfiguration;
			buildSettings = {
				BUNDLE_LOADER = "$(TEST_HOST)";
				CODE_SIGN_STYLE = Automatic;
				CURRENT_PROJECT_VERSION = 1;
				DEVELOPMENT_TEAM = KBPR4BGF6U;
				GENERATE_INFOPLIST_FILE = YES;
				IPHONEOS_DEPLOYMENT_TARGET = 26.2;
				MARKETING_VERSION = 1.2;
				PRODUCT_BUNDLE_IDENTIFIER = kkartsel.myband.tests;
				PRODUCT_NAME = "$(TARGET_NAME)";
				SWIFT_APPROACHABLE_CONCURRENCY = YES;
				SWIFT_DEFAULT_ACTOR_ISOLATION = MainActor;
				SWIFT_EMIT_LOC_STRINGS = NO;
				SWIFT_VERSION = 5.0;
				TARGETED_DEVICE_FAMILY = "1,2";
				TEST_HOST = "$(BUILT_PRODUCTS_DIR)/My Band.app/$(BUNDLE_EXECUTABLE_FOLDER_PATH)/My Band";
			};
			name = Release;
		};
/* End XCBuildConfiguration section */

/* Begin XCConfigurationList section */
		57EE023BE9691A045E022FC4 /* Build configuration list for PBXNativeTarget "MyBandWidgets" */ = {
			isa = XCConfigurationList;
			buildConfigurations = (
				2BAFE47F0A0AF581AEC2CCAE /* Release */,
				50B5E43C2637839B5CAF1BA3 /* Debug */,
			);
			defaultConfigurationIsVisible = 0;
			defaultConfigurationName = Release;
		};
		93200F1F2FD62F9A00E8DC0C /* Build configuration list for PBXProject "My Band" */ = {
			isa = XCConfigurationList;
			buildConfigurations = (
				93200F2F2FD62F9C00E8DC0C /* Debug */,
				93200F302FD62F9C00E8DC0C /* Release */,
			);
			defaultConfigurationIsVisible = 0;
			defaultConfigurationName = Release;
		};
		93200F312FD62F9C00E8DC0C /* Build configuration list for PBXNativeTarget "My Band" */ = {
			isa = XCConfigurationList;
			buildConfigurations = (
				93200F322FD62F9C00E8DC0C /* Debug */,
				93200F332FD62F9C00E8DC0C /* Release */,
			);
			defaultConfigurationIsVisible = 0;
			defaultConfigurationName = Release;
		};
		AB00000000000000000000A2 /* Build configuration list for PBXNativeTarget "My BandTests" */ = {
			isa = XCConfigurationList;
			buildConfigurations = (
				AB00000000000000000000A3 /* Debug */,
				AB00000000000000000000A4 /* Release */,
			);
			defaultConfigurationIsVisible = 0;
			defaultConfigurationName = Release;
		};
/* End XCConfigurationList section */

/* Begin XCRemoteSwiftPackageReference section */
		BB0A1B2C3D4E5F001122AABB /* XCRemoteSwiftPackageReference "swift-protobuf" */ = {
			isa = XCRemoteSwiftPackageReference;
			repositoryURL = "https://github.com/apple/swift-protobuf.git";
			requirement = {
				kind = upToNextMajorVersion;
				minimumVersion = 1.28.0;
			};
		};
/* End XCRemoteSwiftPackageReference section */

/* Begin XCSwiftPackageProductDependency section */
		BB0A1B2C3D4E5F001122AACC /* SwiftProtobuf */ = {
			isa = XCSwiftPackageProductDependency;
			package = BB0A1B2C3D4E5F001122AABB /* XCRemoteSwiftPackageReference "swift-protobuf" */;
			productName = SwiftProtobuf;
		};
/* End XCSwiftPackageProductDependency section */
	};
	rootObject = 93200F1C2FD62F9A00E8DC0C /* Project object */;
}
